
Microsoft Visual Studio Solution File, Format Version 12.00
# Visual Studio Version 16
VisualStudioVersion = 16.0.30621.155
MinimumVisualStudioVersion = 15.0.27130.2036
Project("{8BC9CEB8-8B4A-11D0-8D11-00A0C91BC942}") = "MpcVideoRenderer", "Source\MpcVideoRenderer.vcxproj", "{C9CEECB2-947C-4902-BEF9-B98DCAF14B1C}"
	ProjectSection(ProjectDependencies) = postProject
		{3D9A1837-4ECC-45CA-9260-F57AD36C6B5F} = {3D9A1837-4ECC-45CA-9260-F57AD36C6B5F}
	EndProjectSection
EndProject
Project("{2150E333-8FDC-42A3-9474-1A3956D46DE8}") = "Include", "Include", "{C7CAE27C-03BC-45F2-BF8E-DEE05DBF37B8}"
	ProjectSection(SolutionItems) = preProject
		Include\FilterInterfaces.h = Include\FilterInterfaces.h
		Include\FilterInterfacesImpl.h = Include\FilterInterfacesImpl.h
		Include\ID3DVideoMemoryConfiguration.h = Include\ID3DVideoMemoryConfiguration.h
		Include\IMediaSideData.h = Include\IMediaSideData.h
		Include\ISubRender.h = Include\ISubRender.h
		Include\ISubRender11.h = Include\ISubRender11.h
		Include\Version.h = Include\Version.h
	EndProjectSection
EndProject
Project("{8BC9CEB8-8B4A-11D0-8D11-00A0C91BC942}") = "Shaders", "Shaders\Shaders.vcxproj", "{3D9A1837-4ECC-45CA-9260-F57AD36C6B5F}"
EndProject
Project("{8BC9CEB8-8B4A-11D0-8D11-00A0C91BC942}") = "BaseClasses", "external\BaseClasses.vcxproj", "{E8A3F6FA-AE1C-4C8E-A0B6-9C8480324EAA}"
EndProject
Project("{8BC9CEB8-8B4A-11D0-8D11-00A0C91BC942}") = "fmt", "external\fmt.vcxproj", "{CF8302E6-21A3-4DD3-8A33-E19B6732F40B}"
EndProject
Project("{8BC9CEB8-8B4A-11D0-8D11-00A0C91BC942}") = "minhook", "external\minhook.vcxproj", "{303B855A-137D-45E9-AF6D-B7241C6E66D6}"
EndProject
Global
	GlobalSection(SolutionConfigurationPlatforms) = preSolution
		Debug|x64 = Debug|x64
		Debug|x86 = Debug|x86
		Release|x64 = Release|x64
		Release|x86 = Release|x86
	EndGlobalSection
	GlobalSection(ProjectConfigurationPlatforms) = postSolution
		{C9CEECB2-947C-4902-BEF9-B98DCAF14B1C}.Debug|x64.ActiveCfg = Debug|x64
		{C9CEECB2-947C-4902-BEF9-B98DCAF14B1C}.Debug|x64.Build.0 = Debug|x64
		{C9CEECB2-947C-4902-BEF9-B98DCAF14B1C}.Debug|x86.ActiveCfg = Debug|Win32
		{C9CEECB2-947C-4902-BEF9-B98DCAF14B1C}.Debug|x86.Build.0 = Debug|Win32
		{C9CEECB2-947C-4902-BEF9-B98DCAF14B1C}.Release|x64.ActiveCfg = Release|x64
		{C9CEECB2-947C-4902-BEF9-B98DCAF14B1C}.Release|x64.Build.0 = Release|x64
		{C9CEECB2-947C-4902-BEF9-B98DCAF14B1C}.Release|x86.ActiveCfg = Release|Win32
		{C9CEECB2-947C-4902-BEF9-B98DCAF14B1C}.Release|x86.Build.0 = Release|Win32
		{3D9A1837-4ECC-45CA-9260-F57AD36C6B5F}.Debug|x64.ActiveCfg = Debug|x64
		{3D9A1837-4ECC-45CA-9260-F57AD36C6B5F}.Debug|x64.Build.0 = Debug|x64
		{3D9A1837-4ECC-45CA-9260-F57AD36C6B5F}.Debug|x86.ActiveCfg = Debug|Win32
		{3D9A1837-4ECC-45CA-9260-F57AD36C6B5F}.Debug|x86.Build.0 = Debug|Win32
		{3D9A1837-4ECC-45CA-9260-F57AD36C6B5F}.Release|x64.ActiveCfg = Release|x64
		{3D9A1837-4ECC-45CA-9260-F57AD36C6B5F}.Release|x64.Build.0 = Release|x64
		{3D9A1837-4ECC-45CA-9260-F57AD36C6B5F}.Release|x86.ActiveCfg = Release|Win32
		{3D9A1837-4ECC-45CA-9260-F57AD36C6B5F}.Release|x86.Build.0 = Release|Win32
		{E8A3F6FA-AE1C-4C8E-A0B6-9C8480324EAA}.Debug|x64.ActiveCfg = Debug|x64
		{E8A3F6FA-AE1C-4C8E-A0B6-9C8480324EAA}.Debug|x64.Build.0 = Debug|x64
		{E8A3F6FA-AE1C-4C8E-A0B6-9C8480324EAA}.Debug|x86.ActiveCfg = Debug|Win32
		{E8A3F6FA-AE1C-4C8E-A0B6-9C8480324EAA}.Debug|x86.Build.0 = Debug|Win32
		{E8A3F6FA-AE1C-4C8E-A0B6-9C8480324EAA}.Release|x64.ActiveCfg = Release|x64
		{E8A3F6FA-AE1C-4C8E-A0B6-9C8480324EAA}.Release|x64.Build.0 = Release|x64
		{E8A3F6FA-AE1C-4C8E-A0B6-9C8480324EAA}.Release|x86.ActiveCfg = Release|Win32
		{E8A3F6FA-AE1C-4C8E-A0B6-9C8480324EAA}.Release|x86.Build.0 = Release|Win32
		{CF8302E6-21A3-4DD3-8A33-E19B6732F40B}.Debug|x64.ActiveCfg = Debug|x64
		{CF8302E6-21A3-4DD3-8A33-E19B6732F40B}.Debug|x64.Build.0 = Debug|x64
		{CF8302E6-21A3-4DD3-8A33-E19B6732F40B}.Debug|x86.ActiveCfg = Debug|Win32
		{CF8302E6-21A3-4DD3-8A33-E19B6732F40B}.Debug|x86.Build.0 = Debug|Win32
		{CF8302E6-21A3-4DD3-8A33-E19B6732F40B}.Release|x64.ActiveCfg = Release|x64
		{CF8302E6-21A3-4DD3-8A33-E19B6732F40B}.Release|x64.Build.0 = Release|x64
		{CF8302E6-21A3-4DD3-8A33-E19B6732F40B}.Release|x86.ActiveCfg = Release|Win32
		{CF8302E6-21A3-4DD3-8A33-E19B6732F40B}.Release|x86.Build.0 = Release|Win32
		{303B855A-137D-45E9-AF6D-B7241C6E66D6}.Debug|x64.ActiveCfg = Debug|x64
		{303B855A-137D-45E9-AF6D-B7241C6E66D6}.Debug|x64.Build.0 = Debug|x64
		{303B855A-137D-45E9-AF6D-B7241C6E66D6}.Debug|x86.ActiveCfg = Debug|Win32
		{303B855A-137D-45E9-AF6D-B7241C6E66D6}.Debug|x86.Build.0 = Debug|Win32
		{303B855A-137D-45E9-AF6D-B7241C6E66D6}.Release|x64.ActiveCfg = Release|x64
		{303B855A-137D-45E9-AF6D-B7241C6E66D6}.Release|x64.Build.0 = Release|x64
		{303B855A-137D-45E9-AF6D-B7241C6E66D6}.Release|x86.ActiveCfg = Release|Win32
		{303B855A-137D-45E9-AF6D-B7241C6E66D6}.Release|x86.Build.0 = Release|Win32
	EndGlobalSection
	GlobalSection(SolutionProperties) = preSolution
		HideSolutionNode = FALSE
	EndGlobalSection
	GlobalSection(ExtensibilityGlobals) = postSolution
		SolutionGuid = {5D7781ED-53B1-4197-9C68-D2EDD94EC59B}
	EndGlobalSection
EndGlobal
