
Microsoft Visual Studio Solution File, Format Version 12.00
# Visual Studio 15
VisualStudioVersion = 15.0.27130.2036
MinimumVisualStudioVersion = 15.0.27130.2036
Project("{8BC9CEB8-8B4A-11D0-8D11-00A0C91BC942}") = "MpcVideoRenderer", "Source\MpcVideoRenderer.vcxproj", "{C9CEECB2-947C-4902-BEF9-B98DCAF14B1C}"
	ProjectSection(ProjectDependencies) = postProject
		{E352C7F4-A40F-4A6E-803D-6B5114187B94} = {E352C7F4-A40F-4A6E-803D-6B5114187B94}
	EndProjectSection
EndProject
Project("{8BC9CEB8-8B4A-11D0-8D11-00A0C91BC942}") = "BaseClasses", "Source\BaseClasses\BaseClasses.vcxproj", "{E8A3F6FA-AE1C-4C8E-A0B6-9C8480324EAA}"
EndProject
Project("{8BC9CEB8-8B4A-11D0-8D11-00A0C91BC942}") = "Shaders", "Source\Shaders\Shaders.vcxproj", "{E352C7F4-A40F-4A6E-803D-6B5114187B94}"
EndProject
Global
	GlobalSection(SolutionConfigurationPlatforms) = preSolution
		Debug|x64 = Debug|x64
		Debug|x86 = Debug|x86
		Release|x64 = Release|x64
		Release|x86 = Release|x86
	EndGlobalSection
	GlobalSection(ProjectConfigurationPlatforms) = postSolution
		{C9CEECB2-947C-4902-BEF9-B98DCAF14B1C}.Debug|x86.ActiveCfg = Debug|Win32
		{C9CEECB2-947C-4902-BEF9-B98DCAF14B1C}.Debug|x86.Build.0 = Debug|Win32
		{C9CEECB2-947C-4902-BEF9-B98DCAF14B1C}.Debug|x64.ActiveCfg = Debug|x64
		{C9CEECB2-947C-4902-BEF9-B98DCAF14B1C}.Debug|x64.Build.0 = Debug|x64
		{C9CEECB2-947C-4902-BEF9-B98DCAF14B1C}.Release|x86.ActiveCfg = Release|Win32
		{C9CEECB2-947C-4902-BEF9-B98DCAF14B1C}.Release|x86.Build.0 = Release|Win32
		{C9CEECB2-947C-4902-BEF9-B98DCAF14B1C}.Release|x64.ActiveCfg = Release|x64
		{C9CEECB2-947C-4902-BEF9-B98DCAF14B1C}.Release|x64.Build.0 = Release|x64
		{E8A3F6FA-AE1C-4C8E-A0B6-9C8480324EAA}.Debug|x86.ActiveCfg = Debug|Win32
		{E8A3F6FA-AE1C-4C8E-A0B6-9C8480324EAA}.Debug|x86.Build.0 = Debug|Win32
		{E8A3F6FA-AE1C-4C8E-A0B6-9C8480324EAA}.Debug|x86.Deploy.0 = Debug|Win32
		{E8A3F6FA-AE1C-4C8E-A0B6-9C8480324EAA}.Debug|x64.ActiveCfg = Debug|x64
		{E8A3F6FA-AE1C-4C8E-A0B6-9C8480324EAA}.Debug|x64.Build.0 = Debug|x64
		{E8A3F6FA-AE1C-4C8E-A0B6-9C8480324EAA}.Debug|x64.Deploy.0 = Debug|x64
		{E8A3F6FA-AE1C-4C8E-A0B6-9C8480324EAA}.Release|x86.ActiveCfg = Release|Win32
		{E8A3F6FA-AE1C-4C8E-A0B6-9C8480324EAA}.Release|x86.Build.0 = Release|Win32
		{E8A3F6FA-AE1C-4C8E-A0B6-9C8480324EAA}.Release|x86.Deploy.0 = Release|Win32
		{E8A3F6FA-AE1C-4C8E-A0B6-9C8480324EAA}.Release|x64.ActiveCfg = Release|x64
		{E8A3F6FA-AE1C-4C8E-A0B6-9C8480324EAA}.Release|x64.Build.0 = Release|x64
		{E8A3F6FA-AE1C-4C8E-A0B6-9C8480324EAA}.Release|x64.Deploy.0 = Release|x64
		{E352C7F4-A40F-4A6E-803D-6B5114187B94}.Debug|x64.ActiveCfg = Debug|x64
		{E352C7F4-A40F-4A6E-803D-6B5114187B94}.Debug|x64.Build.0 = Debug|x64
		{E352C7F4-A40F-4A6E-803D-6B5114187B94}.Debug|x86.ActiveCfg = Debug|Win32
		{E352C7F4-A40F-4A6E-803D-6B5114187B94}.Debug|x86.Build.0 = Debug|Win32
		{E352C7F4-A40F-4A6E-803D-6B5114187B94}.Release|x64.ActiveCfg = Release|x64
		{E352C7F4-A40F-4A6E-803D-6B5114187B94}.Release|x64.Build.0 = Release|x64
		{E352C7F4-A40F-4A6E-803D-6B5114187B94}.Release|x86.ActiveCfg = Release|Win32
		{E352C7F4-A40F-4A6E-803D-6B5114187B94}.Release|x86.Build.0 = Release|Win32
	EndGlobalSection
	GlobalSection(SolutionProperties) = preSolution
		HideSolutionNode = FALSE
	EndGlobalSection
	GlobalSection(ExtensibilityGlobals) = postSolution
		SolutionGuid = {5D7781ED-53B1-4197-9C68-D2EDD94EC59B}
	EndGlobalSection
EndGlobal
