<?xml version="1.0" encoding="utf-8"?>
<Project ToolsVersion="4.0" xmlns="http://schemas.microsoft.com/developer/msbuild/2003">
  <ItemGroup>
    <Filter Include="Header Files">
      <UniqueIdentifier>{030c75bf-56e1-4a6b-b263-2e1ff51ffd10}</UniqueIdentifier>
    </Filter>
    <Filter Include="Source Files">
      <UniqueIdentifier>{7353a032-27ba-4b5a-899e-694641161984}</UniqueIdentifier>
    </Filter>
  </ItemGroup>
  <ItemGroup>
    <ClInclude Include="CFW1ColorRGBA.h">
      <Filter>Header Files</Filter>
    </ClInclude>
    <ClInclude Include="CFW1DWriteRenderTarget.h">
      <Filter>Header Files</Filter>
    </ClInclude>
    <ClInclude Include="CFW1Factory.h">
      <Filter>Header Files</Filter>
    </ClInclude>
    <ClInclude Include="CFW1FontWrapper.h">
      <Filter>Header Files</Filter>
    </ClInclude>
    <ClInclude Include="CFW1GlyphAtlas.h">
      <Filter>Header Files</Filter>
    </ClInclude>
    <ClInclude Include="CFW1GlyphProvider.h">
      <Filter>Header Files</Filter>
    </ClInclude>
    <ClInclude Include="CFW1GlyphRenderStates.h">
      <Filter>Header Files</Filter>
    </ClInclude>
    <ClInclude Include="CFW1GlyphSheet.h">
      <Filter>Header Files</Filter>
    </ClInclude>
    <ClInclude Include="CFW1GlyphVertexDrawer.h">
      <Filter>Header Files</Filter>
    </ClInclude>
    <ClInclude Include="CFW1Object.h">
      <Filter>Header Files</Filter>
    </ClInclude>
    <ClInclude Include="CFW1StateSaver.h">
      <Filter>Header Files</Filter>
    </ClInclude>
    <ClInclude Include="CFW1TextGeometry.h">
      <Filter>Header Files</Filter>
    </ClInclude>
    <ClInclude Include="CFW1TextRenderer.h">
      <Filter>Header Files</Filter>
    </ClInclude>
    <ClInclude Include="FW1CompileSettings.h">
      <Filter>Header Files</Filter>
    </ClInclude>
    <ClInclude Include="FW1FontWrapper.h">
      <Filter>Header Files</Filter>
    </ClInclude>
    <ClInclude Include="FW1Precompiled.h">
      <Filter>Header Files</Filter>
    </ClInclude>
  </ItemGroup>
  <ItemGroup>
    <ClCompile Include="CFW1ColorRGBA.cpp">
      <Filter>Source Files</Filter>
    </ClCompile>
    <ClCompile Include="CFW1ColorRGBAInterface.cpp">
      <Filter>Source Files</Filter>
    </ClCompile>
    <ClCompile Include="CFW1DWriteRenderTarget.cpp">
      <Filter>Source Files</Filter>
    </ClCompile>
    <ClCompile Include="CFW1DWriteRenderTargetInterface.cpp">
      <Filter>Source Files</Filter>
    </ClCompile>
    <ClCompile Include="CFW1Factory.cpp">
      <Filter>Source Files</Filter>
    </ClCompile>
    <ClCompile Include="CFW1FactoryInterface.cpp">
      <Filter>Source Files</Filter>
    </ClCompile>
    <ClCompile Include="CFW1FontWrapper.cpp">
      <Filter>Source Files</Filter>
    </ClCompile>
    <ClCompile Include="CFW1FontWrapperInterface.cpp">
      <Filter>Source Files</Filter>
    </ClCompile>
    <ClCompile Include="CFW1GlyphAtlas.cpp">
      <Filter>Source Files</Filter>
    </ClCompile>
    <ClCompile Include="CFW1GlyphAtlasInterface.cpp">
      <Filter>Source Files</Filter>
    </ClCompile>
    <ClCompile Include="CFW1GlyphProvider.cpp">
      <Filter>Source Files</Filter>
    </ClCompile>
    <ClCompile Include="CFW1GlyphProviderInterface.cpp">
      <Filter>Source Files</Filter>
    </ClCompile>
    <ClCompile Include="CFW1GlyphRenderStates.cpp">
      <Filter>Source Files</Filter>
    </ClCompile>
    <ClCompile Include="CFW1GlyphRenderStatesInterface.cpp">
      <Filter>Source Files</Filter>
    </ClCompile>
    <ClCompile Include="CFW1GlyphSheet.cpp">
      <Filter>Source Files</Filter>
    </ClCompile>
    <ClCompile Include="CFW1GlyphSheetInterface.cpp">
      <Filter>Source Files</Filter>
    </ClCompile>
    <ClCompile Include="CFW1GlyphVertexDrawer.cpp">
      <Filter>Source Files</Filter>
    </ClCompile>
    <ClCompile Include="CFW1GlyphVertexDrawerInterface.cpp">
      <Filter>Source Files</Filter>
    </ClCompile>
    <ClCompile Include="CFW1StateSaver.cpp">
      <Filter>Source Files</Filter>
    </ClCompile>
    <ClCompile Include="CFW1TextGeometry.cpp">
      <Filter>Source Files</Filter>
    </ClCompile>
    <ClCompile Include="CFW1TextGeometryInterface.cpp">
      <Filter>Source Files</Filter>
    </ClCompile>
    <ClCompile Include="CFW1TextRenderer.cpp">
      <Filter>Source Files</Filter>
    </ClCompile>
    <ClCompile Include="CFW1TextRendererInterface.cpp">
      <Filter>Source Files</Filter>
    </ClCompile>
    <ClCompile Include="FW1FontWrapper.cpp">
      <Filter>Source Files</Filter>
    </ClCompile>
    <ClCompile Include="FW1Precompiled.cpp">
      <Filter>Source Files</Filter>
    </ClCompile>
  </ItemGroup>
</Project>