<?xml version="1.0" encoding="utf-8"?>
<Project ToolsVersion="4.0" xmlns="http://schemas.microsoft.com/developer/msbuild/2003">
  <ItemGroup>
    <FxCompile Include="test_shader.hlsl" />
    <FxCompile Include="Resizers\downscaler.hlsl">
      <Filter>Resizers</Filter>
    </FxCompile>
    <FxCompile Include="Resizers\resizer_catmull4_x.hlsl">
      <Filter>Resizers</Filter>
    </FxCompile>
    <FxCompile Include="Resizers\resizer_catmull4_y.hlsl">
      <Filter>Resizers</Filter>
    </FxCompile>
    <FxCompile Include="Resizers\resizer_lanczos2_x.hlsl">
      <Filter>Resizers</Filter>
    </FxCompile>
    <FxCompile Include="Resizers\resizer_lanczos2_y.hlsl">
      <Filter>Resizers</Filter>
    </FxCompile>
    <FxCompile Include="Convert\convert_color.hlsl">
      <Filter>Convert</Filter>
    </FxCompile>
    <FxCompile Include="Convert\correction_hlg.hlsl">
      <Filter>Convert</Filter>
    </FxCompile>
    <FxCompile Include="Convert\correction_st2084.hlsl">
      <Filter>Convert</Filter>
    </FxCompile>
    <FxCompile Include="Convert\correction_ycgco.hlsl">
      <Filter>Convert</Filter>
    </FxCompile>
    <FxCompile Include="Resizers\resizer_lanczos3_x.hlsl">
      <Filter>Resizers</Filter>
    </FxCompile>
    <FxCompile Include="Resizers\resizer_lanczos3_y.hlsl">
      <Filter>Resizers</Filter>
    </FxCompile>
    <FxCompile Include="Resizers\resizer_mitchell4_x.hlsl">
      <Filter>Resizers</Filter>
    </FxCompile>
    <FxCompile Include="Resizers\resizer_mitchell4_y.hlsl">
      <Filter>Resizers</Filter>
    </FxCompile>
  </ItemGroup>
  <ItemGroup>
    <Filter Include="Resizers">
      <UniqueIdentifier>{f4fc5765-0e53-4bcc-a775-81959f4ded58}</UniqueIdentifier>
    </Filter>
    <Filter Include="Convert">
      <UniqueIdentifier>{1862d48b-2a05-4a5a-992f-9b4b6e583ce9}</UniqueIdentifier>
    </Filter>
  </ItemGroup>
  <ItemGroup>
    <None Include="Resizers\downscaler_filters.hlsl">
      <Filter>Resizers</Filter>
    </None>
    <None Include="Convert\colorspace_gamut_conversion.hlsl">
      <Filter>Convert</Filter>
    </None>
    <None Include="Convert\hdr_tone_mapping.hlsl">
      <Filter>Convert</Filter>
    </None>
  </ItemGroup>
</Project>