<?xml version="1.0" encoding="utf-8"?>
<Project ToolsVersion="4.0" xmlns="http://schemas.microsoft.com/developer/msbuild/2003">
  <ItemGroup>
    <FxCompile Include="Resizers\downscaler.hlsl" />
    <FxCompile Include="Resizers\resizer_catmull4_x.hlsl" />
    <FxCompile Include="Resizers\resizer_catmull4_y.hlsl" />
    <FxCompile Include="Resizers\resizer_lanczos2_x.hlsl" />
    <FxCompile Include="Resizers\resizer_lanczos2_y.hlsl" />
  </ItemGroup>
  <ItemGroup>
    <None Include="Resizers\downscaler_filters.hlsl" />
  </ItemGroup>
</Project>