<?xml version="1.0" encoding="utf-8"?>
<Project ToolsVersion="14.0" xmlns="http://schemas.microsoft.com/developer/msbuild/2003">
  <ItemGroup>
    <Filter Include="Source Files">
      <UniqueIdentifier>{9788c006-0809-4532-aa20-b51ed992525a}</UniqueIdentifier>
      <Extensions>cpp;c;cxx;def;odl;idl;hpj;bat;asm</Extensions>
    </Filter>
    <Filter Include="Header Files">
      <UniqueIdentifier>{4d561854-929b-492e-9fba-c2cebb7cc3d4}</UniqueIdentifier>
      <Extensions>h;hpp;hxx;hm;inl;inc</Extensions>
    </Filter>
    <Filter Include="Resource Files">
      <UniqueIdentifier>{addff0d6-0d94-4e4c-b5ea-b7d5b330fd45}</UniqueIdentifier>
      <Extensions>rc;ico;cur;bmp;dlg;rc2;rct;bin;rgs;gif;jpg;jpeg;jpe</Extensions>
    </Filter>
  </ItemGroup>
  <ItemGroup>
    <ClCompile Include="stdafx.cpp">
      <Filter>Source Files</Filter>
    </ClCompile>
    <ClCompile Include="dllmain.cpp">
      <Filter>Source Files</Filter>
    </ClCompile>
    <ClCompile Include="VideoRenderer.cpp">
      <Filter>Source Files</Filter>
    </ClCompile>
    <ClCompile Include="Helper.cpp">
      <Filter>Source Files</Filter>
    </ClCompile>
    <ClCompile Include="PropPage.cpp">
      <Filter>Source Files</Filter>
    </ClCompile>
    <ClCompile Include="DX9VideoProcessor.cpp">
      <Filter>Source Files</Filter>
    </ClCompile>
    <ClCompile Include="DX11VideoProcessor.cpp">
      <Filter>Source Files</Filter>
    </ClCompile>
    <ClCompile Include="Time.cpp">
      <Filter>Source Files</Filter>
    </ClCompile>
    <ClCompile Include="VideoRendererInputPin.cpp">
      <Filter>Source Files</Filter>
    </ClCompile>
    <ClCompile Include="CustomAllocator.cpp">
      <Filter>Source Files</Filter>
    </ClCompile>
    <ClCompile Include="csputils.cpp">
      <Filter>Source Files</Filter>
    </ClCompile>
    <ClCompile Include="renbase2.cpp">
      <Filter>Source Files</Filter>
    </ClCompile>
    <ClCompile Include="Shaders.cpp">
      <Filter>Source Files</Filter>
    </ClCompile>
  </ItemGroup>
  <ItemGroup>
    <ClInclude Include="stdafx.h">
      <Filter>Header Files</Filter>
    </ClInclude>
    <ClInclude Include="VideoRenderer.h">
      <Filter>Header Files</Filter>
    </ClInclude>
    <ClInclude Include="Helper.h">
      <Filter>Header Files</Filter>
    </ClInclude>
    <ClInclude Include="resource.h">
      <Filter>Resource Files</Filter>
    </ClInclude>
    <ClInclude Include="PropPage.h">
      <Filter>Header Files</Filter>
    </ClInclude>
    <ClInclude Include="IVideoRenderer.h">
      <Filter>Header Files</Filter>
    </ClInclude>
    <ClInclude Include="DX9VideoProcessor.h">
      <Filter>Header Files</Filter>
    </ClInclude>
    <ClInclude Include="DX11VideoProcessor.h">
      <Filter>Header Files</Filter>
    </ClInclude>
    <ClInclude Include="FrameStats.h">
      <Filter>Header Files</Filter>
    </ClInclude>
    <ClInclude Include="Time.h">
      <Filter>Header Files</Filter>
    </ClInclude>
    <ClInclude Include="VideoRendererInputPin.h">
      <Filter>Header Files</Filter>
    </ClInclude>
    <ClInclude Include="CustomAllocator.h">
      <Filter>Header Files</Filter>
    </ClInclude>
    <ClInclude Include="csputils.h">
      <Filter>Header Files</Filter>
    </ClInclude>
    <ClInclude Include="renbase2.h">
      <Filter>Header Files</Filter>
    </ClInclude>
    <ClInclude Include="StatsDrawing.h">
      <Filter>Header Files</Filter>
    </ClInclude>
    <ClInclude Include="DX11Helper.h">
      <Filter>Header Files</Filter>
    </ClInclude>
    <ClInclude Include="Shaders.h">
      <Filter>Header Files</Filter>
    </ClInclude>
  </ItemGroup>
  <ItemGroup>
    <ResourceCompile Include="MpcVideoRenderer.rc">
      <Filter>Resource Files</Filter>
    </ResourceCompile>
  </ItemGroup>
  <ItemGroup>
    <None Include="res\MpcVideoRenderer.rc2">
      <Filter>Resource Files</Filter>
    </None>
  </ItemGroup>
</Project>